{
  "name": "memory-basics",
  "version": "1.0.0",
  "lockfileVersion": 3,
  "requires": true,
  "packages": {
    "": {
      "name": "memory-basics",
      "version": "1.0.0",
      "license": "ISC",
      "dependencies": {
        "chromadb": "^3.1.5",
        "dotenv": "^17.2.3",
        "openai": "^6.9.1"
      }
    },
    "node_modules/chromadb": {
      "version": "3.1.5",
      "resolved": "https://registry.npmjs.org/chromadb/-/chromadb-3.1.5.tgz",
      "integrity": "sha512-RQwXThjJXB0JPOfaVYSG7o9LIVZs5ds7h4vOmrpeLQ1C87y25PEJAtOgcAtTU7ObI5Yq2l1lx/Wng3vVyRtV4A==",
      "license": "Apache-2.0",
      "dependencies": {
        "semver": "^7.7.1"
      },
      "bin": {
        "chroma": "dist/cli.mjs"
      },
      "engines": {
        "node": ">=20"
      },
      "optionalDependencies": {
        "chromadb-js-bindings-darwin-arm64": "^1.1.1",
        "chromadb-js-bindings-darwin-x64": "^1.1.1",
        "chromadb-js-bindings-linux-arm64-gnu": "^1.1.1",
        "chromadb-js-bindings-linux-x64-gnu": "^1.1.1",
        "chromadb-js-bindings-win32-x64-msvc": "^1.1.1"
      }
    },
    "node_modules/chromadb-js-bindings-darwin-arm64": {
      "version": "1.1.1",
      "resolved": "https://registry.npmjs.org/chromadb-js-bindings-darwin-arm64/-/chromadb-js-bindings-darwin-arm64-1.1.1.tgz",
      "integrity": "sha512-/3s22U1OdxgpM8eBwCNPC5NO5s7hk4b4PLLp8y+FLfqU0CTqXfRi3uBPNAO2fQCmhOcMC6e7djT0Un4sFaYynA==",
      "cpu": [
        "arm64"
      ],
      "license": "MIT",
      "optional": true,
      "os": [
        "darwin"
      ],
      "engines": {
        "node": ">= 10"
      }
    },
    "node_modules/chromadb-js-bindings-darwin-x64": {
      "version": "1.1.1",
      "resolved": "https://registry.npmjs.org/chromadb-js-bindings-darwin-x64/-/chromadb-js-bindings-darwin-x64-1.1.1.tgz",
      "integrity": "sha512-2DYK5Ho1RjdPN4vXcdSO3u3/uU5L2RbpFuZ2/QvJYkGb2fLBecqA5YWUh9hOmu+HSWcKuFDi4fRuYj59irgQCg==",
      "cpu": [
        "x64"
      ],
      "license": "MIT",
      "optional": true,
      "os": [
        "darwin"
      ],
      "engines": {
        "node": ">= 10"
      }
    },
    "node_modules/chromadb-js-bindings-linux-arm64-gnu": {
      "version": "1.1.1",
      "resolved": "https://registry.npmjs.org/chromadb-js-bindings-linux-arm64-gnu/-/chromadb-js-bindings-linux-arm64-gnu-1.1.1.tgz",
      "integrity": "sha512-XkSEgJWbSN+grOpUy0LVoEHzhX3FiBDrxVHrWiEW4RqkMLfzUQMEfE/Qw78wSkfuIuIESxMYeh5PVjtBVv+8/g==",
      "cpu": [
        "arm64"
      ],
      "license": "MIT",
      "optional": true,
      "os": [
        "linux"
      ],
      "engines": {
        "node": ">= 10"
      }
    },
    "node_modules/chromadb-js-bindings-linux-x64-gnu": {
      "version": "1.1.1",
      "resolved": "https://registry.npmjs.org/chromadb-js-bindings-linux-x64-gnu/-/chromadb-js-bindings-linux-x64-gnu-1.1.1.tgz",
      "integrity": "sha512-RcvBcECbUcFXlFM2httdGc+3wmkI76tD9iGS0H9npEhz4LyLvdXKBK8CZtw67hsHCH09KklKw4ITkSS85pHVbA==",
      "cpu": [
        "x64"
      ],
      "license": "MIT",
      "optional": true,
      "os": [
        "linux"
      ],
      "engines": {
        "node": ">= 10"
      }
    },
    "node_modules/chromadb-js-bindings-win32-x64-msvc": {
      "version": "1.1.1",
      "resolved": "https://registry.npmjs.org/chromadb-js-bindings-win32-x64-msvc/-/chromadb-js-bindings-win32-x64-msvc-1.1.1.tgz",
      "integrity": "sha512-296SxWNwsmvP+1Ggkl72norTFLOivoXhGu0t5mXNIbd7yd2UodntvAvG2cheTHDCL/ILbox4u+6KHNvRxHgm6A==",
      "cpu": [
        "x64"
      ],
      "license": "MIT",
      "optional": true,
      "os": [
        "win32"
      ],
      "engines": {
        "node": ">= 10"
      }
    },
    "node_modules/dotenv": {
      "version": "17.2.3",
      "resolved": "https://registry.npmjs.org/dotenv/-/dotenv-17.2.3.tgz",
      "integrity": "sha512-JVUnt+DUIzu87TABbhPmNfVdBDt18BLOWjMUFJMSi/Qqg7NTYtabbvSNJGOJ7afbRuv9D/lngizHtP7QyLQ+9w==",
      "license": "BSD-2-Clause",
      "engines": {
        "node": ">=12"
      },
      "funding": {
        "url": "https://dotenvx.com"
      }
    },
    "node_modules/openai": {
      "version": "6.9.1",
      "resolved": "https://registry.npmjs.org/openai/-/openai-6.9.1.tgz",
      "integrity": "sha512-vQ5Rlt0ZgB3/BNmTa7bIijYFhz3YBceAA3Z4JuoMSBftBF9YqFHIEhZakSs+O/Ad7EaoEimZvHxD5ylRjN11Lg==",
      "license": "Apache-2.0",
      "bin": {
        "openai": "bin/cli"
      },
      "peerDependencies": {
        "ws": "^8.18.0",
        "zod": "^3.25 || ^4.0"
      },
      "peerDependenciesMeta": {
        "ws": {
          "optional": true
        },
        "zod": {
          "optional": true
        }
      }
    },
    "node_modules/semver": {
      "version": "7.7.3",
      "resolved": "https://registry.npmjs.org/semver/-/semver-7.7.3.tgz",
      "integrity": "sha512-SdsKMrI9TdgjdweUSR9MweHA4EJ8YxHn8DFaDisvhVlUOe4BF1tLD7GAj0lIqWVl+dPb/rExr0Btby5loQm20Q==",
      "license": "ISC",
      "bin": {
        "semver": "bin/semver.js"
      },
      "engines": {
        "node": ">=10"
      }
    }
  }
}
